
Microsoft Visual Studio Solution File, Format Version 12.00
# Visual Studio Version 17
VisualStudioVersion = 17.11.35312.102
MinimumVisualStudioVersion = 10.0.40219.1
Project("{FAE04EC0-301F-11D3-BF4B-00C04F79EFBC}") = "Studying5", "Studying5.csproj", "{1B60EBBA-FE4D-45A5-86F7-AE84D42051D3}"
EndProject
Global
	GlobalSection(SolutionConfigurationPlatforms) = preSolution
		Debug|Any CPU = Debug|Any CPU
		Release|Any CPU = Release|Any CPU
	EndGlobalSection
	GlobalSection(ProjectConfigurationPlatforms) = postSolution
		{1B60EBBA-FE4D-45A5-86F7-AE84D42051D3}.Debug|Any CPU.ActiveCfg = Debug|Any CPU
		{1B60EBBA-FE4D-45A5-86F7-AE84D42051D3}.Debug|Any CPU.Build.0 = Debug|Any CPU
		{1B60EBBA-FE4D-45A5-86F7-AE84D42051D3}.Release|Any CPU.ActiveCfg = Release|Any CPU
		{1B60EBBA-FE4D-45A5-86F7-AE84D42051D3}.Release|Any CPU.Build.0 = Release|Any CPU
	EndGlobalSection
	GlobalSection(SolutionProperties) = preSolution
		HideSolutionNode = FALSE
	EndGlobalSection
	GlobalSection(ExtensibilityGlobals) = postSolution
		SolutionGuid = {A63841D5-0F04-4BBB-9703-F2CA7899B074}
	EndGlobalSection
EndGlobal
